
Microsoft Visual Studio Solution File, Format Version 12.00
# Visual Studio Version 17
VisualStudioVersion = 17.8.34525.116
MinimumVisualStudioVersion = 10.0.40219.1
Project("{FAE04EC0-301F-11D3-BF4B-00C04F79EFBC}") = "NotNullApi", "NotNullApi\NotNullApi.csproj", "{6FD5EBC9-3766-4053-83CF-78D01F98434D}"
EndProject
Project("{FAE04EC0-301F-11D3-BF4B-00C04F79EFBC}") = "NotNullApi.IntegrationTests", "NotNullApi.IntegrationTests\NotNullApi.IntegrationTests.csproj", "{5486A2E9-360A-40B5-8CB2-90412C4E7387}"
EndProject
Global
	GlobalSection(SolutionConfigurationPlatforms) = preSolution
		Debug|Any CPU = Debug|Any CPU
		Release|Any CPU = Release|Any CPU
	EndGlobalSection
	GlobalSection(ProjectConfigurationPlatforms) = postSolution
		{6FD5EBC9-3766-4053-83CF-78D01F98434D}.Debug|Any CPU.ActiveCfg = Debug|Any CPU
		{6FD5EBC9-3766-4053-83CF-78D01F98434D}.Debug|Any CPU.Build.0 = Debug|Any CPU
		{6FD5EBC9-3766-4053-83CF-78D01F98434D}.Release|Any CPU.ActiveCfg = Release|Any CPU
		{6FD5EBC9-3766-4053-83CF-78D01F98434D}.Release|Any CPU.Build.0 = Release|Any CPU
		{5486A2E9-360A-40B5-8CB2-90412C4E7387}.Debug|Any CPU.ActiveCfg = Debug|Any CPU
		{5486A2E9-360A-40B5-8CB2-90412C4E7387}.Debug|Any CPU.Build.0 = Debug|Any CPU
		{5486A2E9-360A-40B5-8CB2-90412C4E7387}.Release|Any CPU.ActiveCfg = Release|Any CPU
		{5486A2E9-360A-40B5-8CB2-90412C4E7387}.Release|Any CPU.Build.0 = Release|Any CPU
	EndGlobalSection
	GlobalSection(SolutionProperties) = preSolution
		HideSolutionNode = FALSE
	EndGlobalSection
	GlobalSection(ExtensibilityGlobals) = postSolution
		SolutionGuid = {8C561DE0-44E6-446C-8BC2-7FA71D8AFA62}
	EndGlobalSection
EndGlobal
